
Microsoft Visual Studio Solution File, Format Version 12.00
# Visual Studio Version 16
VisualStudioVersion = 16.0.30711.63
MinimumVisualStudioVersion = 10.0.40219.1
Project("{FAE04EC0-301F-11D3-BF4B-00C04F79EFBC}") = "FinanceCalculators", "FinanceCalculators\FinanceCalculators.csproj", "{EC9A1DC4-DE3D-4915-85E4-1362A7685B6C}"
EndProject
Project("{FAE04EC0-301F-11D3-BF4B-00C04F79EFBC}") = "FinanceCalculators.UnitTest", "FinanceCalculators.UnitTest\FinanceCalculators.UnitTest.csproj", "{C47694F0-81CC-4E9A-8BE0-B9A1E138C0A7}"
EndProject
Global
	GlobalSection(SolutionConfigurationPlatforms) = preSolution
		Debug|Any CPU = Debug|Any CPU
		Release|Any CPU = Release|Any CPU
	EndGlobalSection
	GlobalSection(ProjectConfigurationPlatforms) = postSolution
		{EC9A1DC4-DE3D-4915-85E4-1362A7685B6C}.Debug|Any CPU.ActiveCfg = Debug|Any CPU
		{EC9A1DC4-DE3D-4915-85E4-1362A7685B6C}.Debug|Any CPU.Build.0 = Debug|Any CPU
		{EC9A1DC4-DE3D-4915-85E4-1362A7685B6C}.Release|Any CPU.ActiveCfg = Release|Any CPU
		{EC9A1DC4-DE3D-4915-85E4-1362A7685B6C}.Release|Any CPU.Build.0 = Release|Any CPU
		{C47694F0-81CC-4E9A-8BE0-B9A1E138C0A7}.Debug|Any CPU.ActiveCfg = Debug|Any CPU
		{C47694F0-81CC-4E9A-8BE0-B9A1E138C0A7}.Debug|Any CPU.Build.0 = Debug|Any CPU
		{C47694F0-81CC-4E9A-8BE0-B9A1E138C0A7}.Release|Any CPU.ActiveCfg = Release|Any CPU
		{C47694F0-81CC-4E9A-8BE0-B9A1E138C0A7}.Release|Any CPU.Build.0 = Release|Any CPU
	EndGlobalSection
	GlobalSection(SolutionProperties) = preSolution
		HideSolutionNode = FALSE
	EndGlobalSection
	GlobalSection(ExtensibilityGlobals) = postSolution
		SolutionGuid = {013323A9-1CD7-4CB7-8027-7589D08E9784}
	EndGlobalSection
EndGlobal
